
Microsoft Visual Studio Solution File, Format Version 12.00
# Visual Studio Version 17
VisualStudioVersion = 17.13.35828.75
MinimumVisualStudioVersion = 10.0.40219.1
Project("{2150E333-8FDC-42A3-9474-1A3956D46DE8}") = "01", "01", "{02EA681E-C7D8-13C7-8484-4AC65E1B71E8}"
EndProject
Project("{FAE04EC0-301F-11D3-BF4B-00C04F79EFBC}") = "ParImpar", "ParImpar\ParImpar.csproj", "{1810B040-9CD2-4D44-929E-1815221944B8}"
EndProject
Project("{2150E333-8FDC-42A3-9474-1A3956D46DE8}") = "02", "02", "{D7FCC031-47E4-4342-B362-215D3A73C68D}"
EndProject
Project("{FAE04EC0-301F-11D3-BF4B-00C04F79EFBC}") = "NumeroMayor", "NumeroMayor\NumeroMayor.csproj", "{F6C30767-B050-4672-901B-9BD00B6026EB}"
EndProject
Project("{2150E333-8FDC-42A3-9474-1A3956D46DE8}") = "03", "03", "{1CF22AA4-2510-45E7-9535-F753357296DC}"
EndProject
Project("{FAE04EC0-301F-11D3-BF4B-00C04F79EFBC}") = "Ordenación3numeros", "Ordenación3numeros\Ordenación3numeros.csproj", "{36F28869-935E-4CAB-BAF0-9ED39B3E9EBC}"
EndProject
Project("{2150E333-8FDC-42A3-9474-1A3956D46DE8}") = "04", "04", "{EA44ED88-6011-418B-9B78-9CDCD5286D29}"
EndProject
Project("{FAE04EC0-301F-11D3-BF4B-00C04F79EFBC}") = "MúltiploOtro", "MúltiploOtro\MúltiploOtro.csproj", "{507A9ED7-EB79-4045-956D-941DA4C361C3}"
EndProject
Project("{2150E333-8FDC-42A3-9474-1A3956D46DE8}") = "05", "05", "{C0E54B93-8FED-4AFB-9BF8-0D0A2270FFDE}"
EndProject
Project("{FAE04EC0-301F-11D3-BF4B-00C04F79EFBC}") = "AñoBisciesto", "AñoBisciesto\AñoBisciesto.csproj", "{3290C02C-32A9-49C3-905A-78CFB5EE6434}"
EndProject
Global
	GlobalSection(SolutionConfigurationPlatforms) = preSolution
		Debug|Any CPU = Debug|Any CPU
		Release|Any CPU = Release|Any CPU
	EndGlobalSection
	GlobalSection(ProjectConfigurationPlatforms) = postSolution
		{1810B040-9CD2-4D44-929E-1815221944B8}.Debug|Any CPU.ActiveCfg = Debug|Any CPU
		{1810B040-9CD2-4D44-929E-1815221944B8}.Debug|Any CPU.Build.0 = Debug|Any CPU
		{1810B040-9CD2-4D44-929E-1815221944B8}.Release|Any CPU.ActiveCfg = Release|Any CPU
		{1810B040-9CD2-4D44-929E-1815221944B8}.Release|Any CPU.Build.0 = Release|Any CPU
		{F6C30767-B050-4672-901B-9BD00B6026EB}.Debug|Any CPU.ActiveCfg = Debug|Any CPU
		{F6C30767-B050-4672-901B-9BD00B6026EB}.Debug|Any CPU.Build.0 = Debug|Any CPU
		{F6C30767-B050-4672-901B-9BD00B6026EB}.Release|Any CPU.ActiveCfg = Release|Any CPU
		{F6C30767-B050-4672-901B-9BD00B6026EB}.Release|Any CPU.Build.0 = Release|Any CPU
		{36F28869-935E-4CAB-BAF0-9ED39B3E9EBC}.Debug|Any CPU.ActiveCfg = Debug|Any CPU
		{36F28869-935E-4CAB-BAF0-9ED39B3E9EBC}.Debug|Any CPU.Build.0 = Debug|Any CPU
		{36F28869-935E-4CAB-BAF0-9ED39B3E9EBC}.Release|Any CPU.ActiveCfg = Release|Any CPU
		{36F28869-935E-4CAB-BAF0-9ED39B3E9EBC}.Release|Any CPU.Build.0 = Release|Any CPU
		{507A9ED7-EB79-4045-956D-941DA4C361C3}.Debug|Any CPU.ActiveCfg = Debug|Any CPU
		{507A9ED7-EB79-4045-956D-941DA4C361C3}.Debug|Any CPU.Build.0 = Debug|Any CPU
		{507A9ED7-EB79-4045-956D-941DA4C361C3}.Release|Any CPU.ActiveCfg = Release|Any CPU
		{507A9ED7-EB79-4045-956D-941DA4C361C3}.Release|Any CPU.Build.0 = Release|Any CPU
		{3290C02C-32A9-49C3-905A-78CFB5EE6434}.Debug|Any CPU.ActiveCfg = Debug|Any CPU
		{3290C02C-32A9-49C3-905A-78CFB5EE6434}.Debug|Any CPU.Build.0 = Debug|Any CPU
		{3290C02C-32A9-49C3-905A-78CFB5EE6434}.Release|Any CPU.ActiveCfg = Release|Any CPU
		{3290C02C-32A9-49C3-905A-78CFB5EE6434}.Release|Any CPU.Build.0 = Release|Any CPU
	EndGlobalSection
	GlobalSection(SolutionProperties) = preSolution
		HideSolutionNode = FALSE
	EndGlobalSection
	GlobalSection(NestedProjects) = preSolution
		{1810B040-9CD2-4D44-929E-1815221944B8} = {02EA681E-C7D8-13C7-8484-4AC65E1B71E8}
		{F6C30767-B050-4672-901B-9BD00B6026EB} = {D7FCC031-47E4-4342-B362-215D3A73C68D}
		{36F28869-935E-4CAB-BAF0-9ED39B3E9EBC} = {1CF22AA4-2510-45E7-9535-F753357296DC}
		{507A9ED7-EB79-4045-956D-941DA4C361C3} = {EA44ED88-6011-418B-9B78-9CDCD5286D29}
		{3290C02C-32A9-49C3-905A-78CFB5EE6434} = {C0E54B93-8FED-4AFB-9BF8-0D0A2270FFDE}
	EndGlobalSection
	GlobalSection(ExtensibilityGlobals) = postSolution
		SolutionGuid = {54D38977-F7B2-456E-9707-3C8F9B4183A1}
	EndGlobalSection
EndGlobal
